<?xml version="1.0" encoding="utf-8"?>
<Project ToolsVersion="4.0" xmlns="http://schemas.microsoft.com/developer/msbuild/2003">
  <ItemGroup>
    <Filter Include="Bengine">
      <UniqueIdentifier>{5D1EDDCF-C9FD-5B6B-D215-E7413E74C2CC}</UniqueIdentifier>
    </Filter>
    <Filter Include="Bengine\Events">
      <UniqueIdentifier>{A15F8F0B-8D2D-8311-76C1-F337622E5F76}</UniqueIdentifier>
    </Filter>
    <Filter Include="Bengine\ImGui">
      <UniqueIdentifier>{4725AC3E-B3E5-2775-7C20-71F2E89F6C51}</UniqueIdentifier>
    </Filter>
    <Filter Include="Platform">
      <UniqueIdentifier>{2AC788B4-1694-E3BF-3FAD-D1672BD9184E}</UniqueIdentifier>
    </Filter>
    <Filter Include="Platform\OpenGL">
      <UniqueIdentifier>{1E7D2C1D-8A08-9AE1-9319-1DD6FF23F6E1}</UniqueIdentifier>
    </Filter>
    <Filter Include="Platform\Windows">
      <UniqueIdentifier>{64FBD71A-50F4-F66C-7926-DCF1657ED678}</UniqueIdentifier>
    </Filter>
  </ItemGroup>
  <ItemGroup>
    <ClInclude Include="src\Bengine.h" />
    <ClInclude Include="src\Bengine\Application.h">
      <Filter>Bengine</Filter>
    </ClInclude>
    <ClInclude Include="src\Bengine\Core.h">
      <Filter>Bengine</Filter>
    </ClInclude>
    <ClInclude Include="src\Bengine\EntryPoint.h">
      <Filter>Bengine</Filter>
    </ClInclude>
    <ClInclude Include="src\Bengine\Events\ApplicationEvent.h">
      <Filter>Bengine\Events</Filter>
    </ClInclude>
    <ClInclude Include="src\Bengine\Events\Event.h">
      <Filter>Bengine\Events</Filter>
    </ClInclude>
    <ClInclude Include="src\Bengine\Events\KeyEvent.h">
      <Filter>Bengine\Events</Filter>
    </ClInclude>
    <ClInclude Include="src\Bengine\Events\MouseEvent.h">
      <Filter>Bengine\Events</Filter>
    </ClInclude>
    <ClInclude Include="src\Bengine\ImGui\ImGuiLayer.h">
      <Filter>Bengine\ImGui</Filter>
    </ClInclude>
    <ClInclude Include="src\Bengine\Layer.h">
      <Filter>Bengine</Filter>
    </ClInclude>
    <ClInclude Include="src\Bengine\LayerStack.h">
      <Filter>Bengine</Filter>
    </ClInclude>
    <ClInclude Include="src\Bengine\Log.h">
      <Filter>Bengine</Filter>
    </ClInclude>
    <ClInclude Include="src\Bengine\Window.h">
      <Filter>Bengine</Filter>
    </ClInclude>
    <ClInclude Include="src\Platform\OpenGL\ImGuiOpenGLRenderer.h">
      <Filter>Platform\OpenGL</Filter>
    </ClInclude>
    <ClInclude Include="src\Platform\Windows\WindowsWindow.h">
      <Filter>Platform\Windows</Filter>
    </ClInclude>
    <ClInclude Include="src\bepch.h" />
  </ItemGroup>
  <ItemGroup>
    <ClCompile Include="src\Bengine\Application.cpp">
      <Filter>Bengine</Filter>
    </ClCompile>
    <ClCompile Include="src\Bengine\ImGui\ImGuiLayer.cpp">
      <Filter>Bengine\ImGui</Filter>
    </ClCompile>
    <ClCompile Include="src\Bengine\Layer.cpp">
      <Filter>Bengine</Filter>
    </ClCompile>
    <ClCompile Include="src\Bengine\LayerStack.cpp">
      <Filter>Bengine</Filter>
    </ClCompile>
    <ClCompile Include="src\Bengine\Log.cpp">
      <Filter>Bengine</Filter>
    </ClCompile>
    <ClCompile Include="src\Platform\OpenGL\ImGuiOpenGLRenderer.cpp">
      <Filter>Platform\OpenGL</Filter>
    </ClCompile>
    <ClCompile Include="src\Platform\Windows\WindowsWindow.cpp">
      <Filter>Platform\Windows</Filter>
    </ClCompile>
    <ClCompile Include="src\bepch.cpp" />
  </ItemGroup>
</Project>